
Microsoft Visual Studio Solution File, Format Version 12.00
# Visual Studio Version 17
VisualStudioVersion = 17.3.32922.545
MinimumVisualStudioVersion = 10.0.40219.1
Project("{FAE04EC0-301F-11D3-BF4B-00C04F79EFBC}") = "BattleShipsServer", "BattleShipsServer.csproj", "{AC2FFEAA-8E4E-4A67-A268-E4EB152DD618}"
EndProject
Global
	GlobalSection(SolutionConfigurationPlatforms) = preSolution
		Debug|Any CPU = Debug|Any CPU
		Release|Any CPU = Release|Any CPU
	EndGlobalSection
	GlobalSection(ProjectConfigurationPlatforms) = postSolution
		{AC2FFEAA-8E4E-4A67-A268-E4EB152DD618}.Debug|Any CPU.ActiveCfg = Debug|Any CPU
		{AC2FFEAA-8E4E-4A67-A268-E4EB152DD618}.Debug|Any CPU.Build.0 = Debug|Any CPU
		{AC2FFEAA-8E4E-4A67-A268-E4EB152DD618}.Release|Any CPU.ActiveCfg = Release|Any CPU
		{AC2FFEAA-8E4E-4A67-A268-E4EB152DD618}.Release|Any CPU.Build.0 = Release|Any CPU
	EndGlobalSection
	GlobalSection(SolutionProperties) = preSolution
		HideSolutionNode = FALSE
	EndGlobalSection
	GlobalSection(ExtensibilityGlobals) = postSolution
		SolutionGuid = {5642AF87-3A48-4F42-BEFA-A9D075FCAC3A}
	EndGlobalSection
EndGlobal
